
Microsoft Visual Studio Solution File, Format Version 10.00
# Visual Studio 2008
Project("{FAE04EC0-301F-11D3-BF4B-00C04F79EFBC}") = "SqlDataMapper", "SqlDataMapper\SqlDataMapper_VS2008.csproj", "{8775A8A7-55DB-4065-BADF-E90E09145665}"
EndProject
Project("{FAE04EC0-301F-11D3-BF4B-00C04F79EFBC}") = "SqlDataMapper.Provider", "SqlDataMapper.Provider\SqlDataMapper.Provider_VS2008.csproj", "{35F7AEEC-0144-4217-A0D2-091042B142D7}"
EndProject
Project("{FAE04EC0-301F-11D3-BF4B-00C04F79EFBC}") = "SqlDataMapper.Test", "SqlDataMapper.Test\SqlDataMapper.Test_VS2008.csproj", "{330DB3E8-88CA-490D-BE0C-010DC0C0D539}"
EndProject
Project("{2150E333-8FDC-42A3-9474-1A3956D46DE8}") = "Solution Items", "Solution Items", "{99808369-3174-461E-84EC-DB537C9F0137}"
EndProject
Global
	GlobalSection(TestCaseManagementSettings) = postSolution
		CategoryFile = SqlDataMapper.vsmdi
	EndGlobalSection
	GlobalSection(SolutionConfigurationPlatforms) = preSolution
		Debug|Any CPU = Debug|Any CPU
		Release|Any CPU = Release|Any CPU
	EndGlobalSection
	GlobalSection(ProjectConfigurationPlatforms) = postSolution
		{8775A8A7-55DB-4065-BADF-E90E09145665}.Debug|Any CPU.ActiveCfg = Debug|Any CPU
		{8775A8A7-55DB-4065-BADF-E90E09145665}.Debug|Any CPU.Build.0 = Debug|Any CPU
		{8775A8A7-55DB-4065-BADF-E90E09145665}.Release|Any CPU.ActiveCfg = Release|Any CPU
		{8775A8A7-55DB-4065-BADF-E90E09145665}.Release|Any CPU.Build.0 = Release|Any CPU
		{35F7AEEC-0144-4217-A0D2-091042B142D7}.Debug|Any CPU.ActiveCfg = Debug|Any CPU
		{35F7AEEC-0144-4217-A0D2-091042B142D7}.Debug|Any CPU.Build.0 = Debug|Any CPU
		{35F7AEEC-0144-4217-A0D2-091042B142D7}.Release|Any CPU.ActiveCfg = Release|Any CPU
		{35F7AEEC-0144-4217-A0D2-091042B142D7}.Release|Any CPU.Build.0 = Release|Any CPU
		{330DB3E8-88CA-490D-BE0C-010DC0C0D539}.Debug|Any CPU.ActiveCfg = Debug|Any CPU
		{330DB3E8-88CA-490D-BE0C-010DC0C0D539}.Debug|Any CPU.Build.0 = Debug|Any CPU
		{330DB3E8-88CA-490D-BE0C-010DC0C0D539}.Release|Any CPU.ActiveCfg = Release|Any CPU
		{330DB3E8-88CA-490D-BE0C-010DC0C0D539}.Release|Any CPU.Build.0 = Release|Any CPU
	EndGlobalSection
	GlobalSection(SolutionProperties) = preSolution
		HideSolutionNode = FALSE
	EndGlobalSection
EndGlobal
